
Microsoft Visual Studio Solution File, Format Version 12.00
# Visual Studio Version 17
VisualStudioVersion = 17.1.32210.238
MinimumVisualStudioVersion = 10.0.40219.1
Project("{FAE04EC0-301F-11D3-BF4B-00C04F79EFBC}") = "polymorphism", "polymorphism\polymorphism.csproj", "{F8AC14A5-59FB-47A9-89D2-0F39C1041BFE}"
EndProject
Global
	GlobalSection(SolutionConfigurationPlatforms) = preSolution
		Debug|Any CPU = Debug|Any CPU
		Release|Any CPU = Release|Any CPU
	EndGlobalSection
	GlobalSection(ProjectConfigurationPlatforms) = postSolution
		{F8AC14A5-59FB-47A9-89D2-0F39C1041BFE}.Debug|Any CPU.ActiveCfg = Debug|Any CPU
		{F8AC14A5-59FB-47A9-89D2-0F39C1041BFE}.Debug|Any CPU.Build.0 = Debug|Any CPU
		{F8AC14A5-59FB-47A9-89D2-0F39C1041BFE}.Release|Any CPU.ActiveCfg = Release|Any CPU
		{F8AC14A5-59FB-47A9-89D2-0F39C1041BFE}.Release|Any CPU.Build.0 = Release|Any CPU
	EndGlobalSection
	GlobalSection(SolutionProperties) = preSolution
		HideSolutionNode = FALSE
	EndGlobalSection
	GlobalSection(ExtensibilityGlobals) = postSolution
		SolutionGuid = {5512A0C0-C03D-4292-9BD5-AF0EBF1BB4C0}
	EndGlobalSection
EndGlobal
